
Microsoft Visual Studio Solution File, Format Version 12.00
# Visual Studio Version 17
VisualStudioVersion = 17.0.31423.177
MinimumVisualStudioVersion = 10.0.40219.1
Project("{FAE04EC0-301F-11D3-BF4B-00C04F79EFBC}") = "ConsoleDemo", "ConsoleDemo\ConsoleDemo.csproj", "{D15F4002-05A8-4976-BD05-7CEB5AD743D0}"
EndProject
Project("{FAE04EC0-301F-11D3-BF4B-00C04F79EFBC}") = "ArrayDemo", "ArrayDemo\ArrayDemo.csproj", "{255EA5A6-C9C2-4053-AC63-326D059E0BCF}"
EndProject
Global
	GlobalSection(SolutionConfigurationPlatforms) = preSolution
		Debug|Any CPU = Debug|Any CPU
		Release|Any CPU = Release|Any CPU
	EndGlobalSection
	GlobalSection(ProjectConfigurationPlatforms) = postSolution
		{D15F4002-05A8-4976-BD05-7CEB5AD743D0}.Debug|Any CPU.ActiveCfg = Debug|Any CPU
		{D15F4002-05A8-4976-BD05-7CEB5AD743D0}.Debug|Any CPU.Build.0 = Debug|Any CPU
		{D15F4002-05A8-4976-BD05-7CEB5AD743D0}.Release|Any CPU.ActiveCfg = Release|Any CPU
		{D15F4002-05A8-4976-BD05-7CEB5AD743D0}.Release|Any CPU.Build.0 = Release|Any CPU
		{255EA5A6-C9C2-4053-AC63-326D059E0BCF}.Debug|Any CPU.ActiveCfg = Debug|Any CPU
		{255EA5A6-C9C2-4053-AC63-326D059E0BCF}.Debug|Any CPU.Build.0 = Debug|Any CPU
		{255EA5A6-C9C2-4053-AC63-326D059E0BCF}.Release|Any CPU.ActiveCfg = Release|Any CPU
		{255EA5A6-C9C2-4053-AC63-326D059E0BCF}.Release|Any CPU.Build.0 = Release|Any CPU
	EndGlobalSection
	GlobalSection(SolutionProperties) = preSolution
		HideSolutionNode = FALSE
	EndGlobalSection
	GlobalSection(ExtensibilityGlobals) = postSolution
		SolutionGuid = {CEC43C3D-9FD3-4A30-A29E-E601E26C6605}
	EndGlobalSection
EndGlobal
